
Microsoft Visual Studio Solution File, Format Version 12.00
# Visual Studio Version 17
VisualStudioVersion = 17.4.33213.308
MinimumVisualStudioVersion = 10.0.40219.1
Project("{FAE04EC0-301F-11D3-BF4B-00C04F79EFBC}") = "SantamariaAxel_TallerTablas", "SantamariaAxel_TallerTablas\SantamariaAxel_TallerTablas.csproj", "{2A194CD1-BAE1-4AE7-A8CE-3AC5B882CBB5}"
EndProject
Project("{FAE04EC0-301F-11D3-BF4B-00C04F79EFBC}") = "Biblioteca", "Biblioteca\Biblioteca.csproj", "{3F25B69C-EFB0-414D-BA2A-3E4F485D60F0}"
EndProject
Global
	GlobalSection(SolutionConfigurationPlatforms) = preSolution
		Debug|Any CPU = Debug|Any CPU
		Release|Any CPU = Release|Any CPU
	EndGlobalSection
	GlobalSection(ProjectConfigurationPlatforms) = postSolution
		{2A194CD1-BAE1-4AE7-A8CE-3AC5B882CBB5}.Debug|Any CPU.ActiveCfg = Debug|Any CPU
		{2A194CD1-BAE1-4AE7-A8CE-3AC5B882CBB5}.Debug|Any CPU.Build.0 = Debug|Any CPU
		{2A194CD1-BAE1-4AE7-A8CE-3AC5B882CBB5}.Release|Any CPU.ActiveCfg = Release|Any CPU
		{2A194CD1-BAE1-4AE7-A8CE-3AC5B882CBB5}.Release|Any CPU.Build.0 = Release|Any CPU
		{3F25B69C-EFB0-414D-BA2A-3E4F485D60F0}.Debug|Any CPU.ActiveCfg = Debug|Any CPU
		{3F25B69C-EFB0-414D-BA2A-3E4F485D60F0}.Debug|Any CPU.Build.0 = Debug|Any CPU
		{3F25B69C-EFB0-414D-BA2A-3E4F485D60F0}.Release|Any CPU.ActiveCfg = Release|Any CPU
		{3F25B69C-EFB0-414D-BA2A-3E4F485D60F0}.Release|Any CPU.Build.0 = Release|Any CPU
	EndGlobalSection
	GlobalSection(SolutionProperties) = preSolution
		HideSolutionNode = FALSE
	EndGlobalSection
	GlobalSection(ExtensibilityGlobals) = postSolution
		SolutionGuid = {C16444CD-C1C8-4F66-8954-73FFE460ED2B}
	EndGlobalSection
EndGlobal
